// !$*UTF8*$!
{
	archiveVersion = 1;
	classes = {
	};
	objectVersion = 48;
	objects = {

/* Begin PBXBuildFile section */
		2E91571F742F8FC2E974A66A /* Pods_albator.framework in Frameworks */ = {isa = PBXBuildFile; fileRef = F436CCCDCB350E11BC6E46E9 /* Pods_albator.framework */; };
		BF5D4E8C1FDB1532002A53D5 /* AppDelegate.swift in Sources */ = {isa = PBXBuildFile; fileRef = BF5D4E8B1FDB1532002A53D5 /* AppDelegate.swift */; };
		BF5D4E8E1FDB1532002A53D5 /* SignInVC.swift in Sources */ = {isa = PBXBuildFile; fileRef = BF5D4E8D1FDB1532002A53D5 /* SignInVC.swift */; };
		BF5D4E911FDB1532002A53D5 /* Main.storyboard in Resources */ = {isa = PBXBuildFile; fileRef = BF5D4E8F1FDB1532002A53D5 /* Main.storyboard */; };
		BF5D4E931FDB1532002A53D5 /* Assets.xcassets in Resources */ = {isa = PBXBuildFile; fileRef = BF5D4E921FDB1532002A53D5 /* Assets.xcassets */; };
		BF5D4E961FDB1532002A53D5 /* LaunchScreen.storyboard in Resources */ = {isa = PBXBuildFile; fileRef = BF5D4E941FDB1532002A53D5 /* LaunchScreen.storyboard */; };
		BF678F061FFE895E0043862A /* FeedVC.swift in Sources */ = {isa = PBXBuildFile; fileRef = BF678F051FFE895E0043862A /* FeedVC.swift */; };
		BF678F082003B71C0043862A /* CircleView.swift in Sources */ = {isa = PBXBuildFile; fileRef = BF678F072003B71C0043862A /* CircleView.swift */; };
		BF883012200496C40040E58D /* PostCell.swift in Sources */ = {isa = PBXBuildFile; fileRef = BF883011200496C40040E58D /* PostCell.swift */; };
		BF88301520052C4C0040E58D /* DataService.swift in Sources */ = {isa = PBXBuildFile; fileRef = BF88301420052C4C0040E58D /* DataService.swift */; };
		BFA3283B1FFB5DBC003EB46C /* FancyView.swift in Sources */ = {isa = PBXBuildFile; fileRef = BFA3283A1FFB5DBC003EB46C /* FancyView.swift */; };
		BFA3283F1FFB5EF8003EB46C /* Constants.swift in Sources */ = {isa = PBXBuildFile; fileRef = BFA3283E1FFB5EF8003EB46C /* Constants.swift */; };
		BFA328401FFB620D003EB46C /* GoogleService-Info.plist in Resources */ = {isa = PBXBuildFile; fileRef = BF5D4E9D1FEA3B9C002A53D5 /* GoogleService-Info.plist */; };
		BFA328421FFB626D003EB46C /* RoundBtn.swift in Sources */ = {isa = PBXBuildFile; fileRef = BFA328411FFB626D003EB46C /* RoundBtn.swift */; };
		BFA328441FFB645E003EB46C /* FancyField.swift in Sources */ = {isa = PBXBuildFile; fileRef = BFA328431FFB645E003EB46C /* FancyField.swift */; };
		BFA328461FFB65A8003EB46C /* FancyBtn.swift in Sources */ = {isa = PBXBuildFile; fileRef = BFA328451FFB65A8003EB46C /* FancyBtn.swift */; };
/* End PBXBuildFile section */

/* Begin PBXFileReference section */
		8C6480CA90DEA8317891A7A6 /* Pods-albator.release.xcconfig */ = {isa = PBXFileReference; includeInIndex = 1; lastKnownFileType = text.xcconfig; name = "Pods-albator.release.xcconfig"; path = "Pods/Target Support Files/Pods-albator/Pods-albator.release.xcconfig"; sourceTree = "<group>"; };
		AC15D811B89DA2E16DF65465 /* Pods-albator.debug.xcconfig */ = {isa = PBXFileReference; includeInIndex = 1; lastKnownFileType = text.xcconfig; name = "Pods-albator.debug.xcconfig"; path = "Pods/Target Support Files/Pods-albator/Pods-albator.debug.xcconfig"; sourceTree = "<group>"; };
		BF5D4E881FDB1532002A53D5 /* albator.app */ = {isa = PBXFileReference; explicitFileType = wrapper.application; includeInIndex = 0; path = albator.app; sourceTree = BUILT_PRODUCTS_DIR; };
		BF5D4E8B1FDB1532002A53D5 /* AppDelegate.swift */ = {isa = PBXFileReference; lastKnownFileType = sourcecode.swift; path = AppDelegate.swift; sourceTree = "<group>"; };
		BF5D4E8D1FDB1532002A53D5 /* SignInVC.swift */ = {isa = PBXFileReference; lastKnownFileType = sourcecode.swift; path = SignInVC.swift; sourceTree = "<group>"; };
		BF5D4E901FDB1532002A53D5 /* Base */ = {isa = PBXFileReference; lastKnownFileType = file.storyboard; name = Base; path = Base.lproj/Main.storyboard; sourceTree = "<group>"; };
		BF5D4E921FDB1532002A53D5 /* Assets.xcassets */ = {isa = PBXFileReference; lastKnownFileType = folder.assetcatalog; path = Assets.xcassets; sourceTree = "<group>"; };
		BF5D4E951FDB1532002A53D5 /* Base */ = {isa = PBXFileReference; lastKnownFileType = file.storyboard; name = Base; path = Base.lproj/LaunchScreen.storyboard; sourceTree = "<group>"; };
		BF5D4E971FDB1532002A53D5 /* Info.plist */ = {isa = PBXFileReference; lastKnownFileType = text.plist.xml; path = Info.plist; sourceTree = "<group>"; };
		BF5D4E9D1FEA3B9C002A53D5 /* GoogleService-Info.plist */ = {isa = PBXFileReference; lastKnownFileType = text.plist.xml; path = "GoogleService-Info.plist"; sourceTree = "<group>"; };
		BF678F051FFE895E0043862A /* FeedVC.swift */ = {isa = PBXFileReference; lastKnownFileType = sourcecode.swift; path = FeedVC.swift; sourceTree = "<group>"; };
		BF678F072003B71C0043862A /* CircleView.swift */ = {isa = PBXFileReference; lastKnownFileType = sourcecode.swift; path = CircleView.swift; sourceTree = "<group>"; };
		BF883011200496C40040E58D /* PostCell.swift */ = {isa = PBXFileReference; lastKnownFileType = sourcecode.swift; path = PostCell.swift; sourceTree = "<group>"; };
		BF88301420052C4C0040E58D /* DataService.swift */ = {isa = PBXFileReference; lastKnownFileType = sourcecode.swift; path = DataService.swift; sourceTree = "<group>"; };
		BFA3283A1FFB5DBC003EB46C /* FancyView.swift */ = {isa = PBXFileReference; lastKnownFileType = sourcecode.swift; path = FancyView.swift; sourceTree = "<group>"; };
		BFA3283E1FFB5EF8003EB46C /* Constants.swift */ = {isa = PBXFileReference; lastKnownFileType = sourcecode.swift; path = Constants.swift; sourceTree = "<group>"; };
		BFA328411FFB626D003EB46C /* RoundBtn.swift */ = {isa = PBXFileReference; lastKnownFileType = sourcecode.swift; path = RoundBtn.swift; sourceTree = "<group>"; };
		BFA328431FFB645E003EB46C /* FancyField.swift */ = {isa = PBXFileReference; lastKnownFileType = sourcecode.swift; path = FancyField.swift; sourceTree = "<group>"; };
		BFA328451FFB65A8003EB46C /* FancyBtn.swift */ = {isa = PBXFileReference; lastKnownFileType = sourcecode.swift; path = FancyBtn.swift; sourceTree = "<group>"; };
		F436CCCDCB350E11BC6E46E9 /* Pods_albator.framework */ = {isa = PBXFileReference; explicitFileType = wrapper.framework; includeInIndex = 0; path = Pods_albator.framework; sourceTree = BUILT_PRODUCTS_DIR; };
/* End PBXFileReference section */

/* Begin PBXFrameworksBuildPhase section */
		BF5D4E851FDB1532002A53D5 /* Frameworks */ = {
			isa = PBXFrameworksBuildPhase;
			buildActionMask = 2147483647;
			files = (
				2E91571F742F8FC2E974A66A /* Pods_albator.framework in Frameworks */,
			);
			runOnlyForDeploymentPostprocessing = 0;
		};
/* End PBXFrameworksBuildPhase section */

/* Begin PBXGroup section */
		0D7C5889063330A398B620C2 /* Pods */ = {
			isa = PBXGroup;
			children = (
				AC15D811B89DA2E16DF65465 /* Pods-albator.debug.xcconfig */,
				8C6480CA90DEA8317891A7A6 /* Pods-albator.release.xcconfig */,
			);
			name = Pods;
			sourceTree = "<group>";
		};
		4CC8147A93086EFFD45CC126 /* Frameworks */ = {
			isa = PBXGroup;
			children = (
				F436CCCDCB350E11BC6E46E9 /* Pods_albator.framework */,
			);
			name = Frameworks;
			sourceTree = "<group>";
		};
		BF5D4E7F1FDB1532002A53D5 = {
			isa = PBXGroup;
			children = (
				BF5D4E8A1FDB1532002A53D5 /* albator */,
				BF5D4E891FDB1532002A53D5 /* Products */,
				0D7C5889063330A398B620C2 /* Pods */,
				4CC8147A93086EFFD45CC126 /* Frameworks */,
			);
			sourceTree = "<group>";
		};
		BF5D4E891FDB1532002A53D5 /* Products */ = {
			isa = PBXGroup;
			children = (
				BF5D4E881FDB1532002A53D5 /* albator.app */,
			);
			name = Products;
			sourceTree = "<group>";
		};
		BF5D4E8A1FDB1532002A53D5 /* albator */ = {
			isa = PBXGroup;
			children = (
				BF88301320052C1D0040E58D /* Services */,
				BFA3283D1FFB5ECA003EB46C /* Utils */,
				BF8752D51FEA40B0002146D1 /* Model */,
				BF8752D71FEA40BF002146D1 /* View */,
				BF8752D81FEA40FB002146D1 /* Controller */,
				BF5D4E8B1FDB1532002A53D5 /* AppDelegate.swift */,
				BF5D4E8F1FDB1532002A53D5 /* Main.storyboard */,
				BF5D4E921FDB1532002A53D5 /* Assets.xcassets */,
				BF5D4E941FDB1532002A53D5 /* LaunchScreen.storyboard */,
				BF5D4E971FDB1532002A53D5 /* Info.plist */,
				BF5D4E9D1FEA3B9C002A53D5 /* GoogleService-Info.plist */,
			);
			path = albator;
			sourceTree = "<group>";
		};
		BF8752D51FEA40B0002146D1 /* Model */ = {
			isa = PBXGroup;
			children = (
			);
			path = Model;
			sourceTree = "<group>";
		};
		BF8752D71FEA40BF002146D1 /* View */ = {
			isa = PBXGroup;
			children = (
				BFA3283A1FFB5DBC003EB46C /* FancyView.swift */,
				BFA328411FFB626D003EB46C /* RoundBtn.swift */,
				BFA328431FFB645E003EB46C /* FancyField.swift */,
				BFA328451FFB65A8003EB46C /* FancyBtn.swift */,
				BF678F072003B71C0043862A /* CircleView.swift */,
				BF883011200496C40040E58D /* PostCell.swift */,
			);
			path = View;
			sourceTree = "<group>";
		};
		BF8752D81FEA40FB002146D1 /* Controller */ = {
			isa = PBXGroup;
			children = (
				BF5D4E8D1FDB1532002A53D5 /* SignInVC.swift */,
				BF678F051FFE895E0043862A /* FeedVC.swift */,
			);
			path = Controller;
			sourceTree = "<group>";
		};
		BF88301320052C1D0040E58D /* Services */ = {
			isa = PBXGroup;
			children = (
				BF88301420052C4C0040E58D /* DataService.swift */,
			);
			path = Services;
			sourceTree = "<group>";
		};
		BFA3283D1FFB5ECA003EB46C /* Utils */ = {
			isa = PBXGroup;
			children = (
				BFA3283E1FFB5EF8003EB46C /* Constants.swift */,
			);
			path = Utils;
			sourceTree = "<group>";
		};
/* End PBXGroup section */

/* Begin PBXNativeTarget section */
		BF5D4E871FDB1532002A53D5 /* albator */ = {
			isa = PBXNativeTarget;
			buildConfigurationList = BF5D4E9A1FDB1532002A53D5 /* Build configuration list for PBXNativeTarget "albator" */;
			buildPhases = (
				7332339F18F9DFF3ABED243D /* [CP] Check Pods Manifest.lock */,
				BF5D4E841FDB1532002A53D5 /* Sources */,
				BF5D4E851FDB1532002A53D5 /* Frameworks */,
				BF5D4E861FDB1532002A53D5 /* Resources */,
				DEB4D63ADD6F82B8C7BF2336 /* [CP] Embed Pods Frameworks */,
				F8C1FAFDA91DCD1F6F0D631B /* [CP] Copy Pods Resources */,
			);
			buildRules = (
			);
			dependencies = (
			);
			name = albator;
			productName = albator;
			productReference = BF5D4E881FDB1532002A53D5 /* albator.app */;
			productType = "com.apple.product-type.application";
		};
/* End PBXNativeTarget section */

/* Begin PBXProject section */
		BF5D4E801FDB1532002A53D5 /* Project object */ = {
			isa = PBXProject;
			attributes = {
				LastSwiftUpdateCheck = 0900;
				LastUpgradeCheck = 0900;
				ORGANIZATIONNAME = aerobace;
				TargetAttributes = {
					BF5D4E871FDB1532002A53D5 = {
						CreatedOnToolsVersion = 9.0;
						ProvisioningStyle = Automatic;
					};
				};
			};
			buildConfigurationList = BF5D4E831FDB1532002A53D5 /* Build configuration list for PBXProject "albator" */;
			compatibilityVersion = "Xcode 8.0";
			developmentRegion = en;
			hasScannedForEncodings = 0;
			knownRegions = (
				en,
				Base,
			);
			mainGroup = BF5D4E7F1FDB1532002A53D5;
			productRefGroup = BF5D4E891FDB1532002A53D5 /* Products */;
			projectDirPath = "";
			projectRoot = "";
			targets = (
				BF5D4E871FDB1532002A53D5 /* albator */,
			);
		};
/* End PBXProject section */

/* Begin PBXResourcesBuildPhase section */
		BF5D4E861FDB1532002A53D5 /* Resources */ = {
			isa = PBXResourcesBuildPhase;
			buildActionMask = 2147483647;
			files = (
				BF5D4E961FDB1532002A53D5 /* LaunchScreen.storyboard in Resources */,
				BFA328401FFB620D003EB46C /* GoogleService-Info.plist in Resources */,
				BF5D4E931FDB1532002A53D5 /* Assets.xcassets in Resources */,
				BF5D4E911FDB1532002A53D5 /* Main.storyboard in Resources */,
			);
			runOnlyForDeploymentPostprocessing = 0;
		};
/* End PBXResourcesBuildPhase section */

/* Begin PBXShellScriptBuildPhase section */
		7332339F18F9DFF3ABED243D /* [CP] Check Pods Manifest.lock */ = {
			isa = PBXShellScriptBuildPhase;
			buildActionMask = 2147483647;
			files = (
			);
			inputPaths = (
				"${PODS_PODFILE_DIR_PATH}/Podfile.lock",
				"${PODS_ROOT}/Manifest.lock",
			);
			name = "[CP] Check Pods Manifest.lock";
			outputPaths = (
				"$(DERIVED_FILE_DIR)/Pods-albator-checkManifestLockResult.txt",
			);
			runOnlyForDeploymentPostprocessing = 0;
			shellPath = /bin/sh;
			shellScript = "diff \"${PODS_PODFILE_DIR_PATH}/Podfile.lock\" \"${PODS_ROOT}/Manifest.lock\" > /dev/null\nif [ $? != 0 ] ; then\n    # print error to STDERR\n    echo \"error: The sandbox is not in sync with the Podfile.lock. Run 'pod install' or update your CocoaPods installation.\" >&2\n    exit 1\nfi\n# This output is used by Xcode 'outputs' to avoid re-running this script phase.\necho \"SUCCESS\" > \"${SCRIPT_OUTPUT_FILE_0}\"\n";
			showEnvVarsInLog = 0;
		};
		DEB4D63ADD6F82B8C7BF2336 /* [CP] Embed Pods Frameworks */ = {
			isa = PBXShellScriptBuildPhase;
			buildActionMask = 2147483647;
			files = (
			);
			inputPaths = (
				"${SRCROOT}/Pods/Target Support Files/Pods-albator/Pods-albator-frameworks.sh",
				"${BUILT_PRODUCTS_DIR}/Bolts/Bolts.framework",
				"${BUILT_PRODUCTS_DIR}/FBSDKCoreKit/FBSDKCoreKit.framework",
				"${BUILT_PRODUCTS_DIR}/FBSDKLoginKit/FBSDKLoginKit.framework",
				"${BUILT_PRODUCTS_DIR}/SwiftKeychainWrapper/SwiftKeychainWrapper.framework",
			);
			name = "[CP] Embed Pods Frameworks";
			outputPaths = (
				"${TARGET_BUILD_DIR}/${FRAMEWORKS_FOLDER_PATH}/Bolts.framework",
				"${TARGET_BUILD_DIR}/${FRAMEWORKS_FOLDER_PATH}/FBSDKCoreKit.framework",
				"${TARGET_BUILD_DIR}/${FRAMEWORKS_FOLDER_PATH}/FBSDKLoginKit.framework",
				"${TARGET_BUILD_DIR}/${FRAMEWORKS_FOLDER_PATH}/SwiftKeychainWrapper.framework",
			);
			runOnlyForDeploymentPostprocessing = 0;
			shellPath = /bin/sh;
			shellScript = "\"${SRCROOT}/Pods/Target Support Files/Pods-albator/Pods-albator-frameworks.sh\"\n";
			showEnvVarsInLog = 0;
		};
		F8C1FAFDA91DCD1F6F0D631B /* [CP] Copy Pods Resources */ = {
			isa = PBXShellScriptBuildPhase;
			buildActionMask = 2147483647;
			files = (
			);
			inputPaths = (
			);
			name = "[CP] Copy Pods Resources";
			outputPaths = (
			);
			runOnlyForDeploymentPostprocessing = 0;
			shellPath = /bin/sh;
			shellScript = "\"${SRCROOT}/Pods/Target Support Files/Pods-albator/Pods-albator-resources.sh\"\n";
			showEnvVarsInLog = 0;
		};
/* End PBXShellScriptBuildPhase section */

/* Begin PBXSourcesBuildPhase section */
		BF5D4E841FDB1532002A53D5 /* Sources */ = {
			isa = PBXSourcesBuildPhase;
			buildActionMask = 2147483647;
			files = (
				BF678F082003B71C0043862A /* CircleView.swift in Sources */,
				BFA328441FFB645E003EB46C /* FancyField.swift in Sources */,
				BF5D4E8E1FDB1532002A53D5 /* SignInVC.swift in Sources */,
				BFA328421FFB626D003EB46C /* RoundBtn.swift in Sources */,
				BF5D4E8C1FDB1532002A53D5 /* AppDelegate.swift in Sources */,
				BF88301520052C4C0040E58D /* DataService.swift in Sources */,
				BF678F061FFE895E0043862A /* FeedVC.swift in Sources */,
				BFA3283B1FFB5DBC003EB46C /* FancyView.swift in Sources */,
				BFA3283F1FFB5EF8003EB46C /* Constants.swift in Sources */,
				BFA328461FFB65A8003EB46C /* FancyBtn.swift in Sources */,
				BF883012200496C40040E58D /* PostCell.swift in Sources */,
			);
			runOnlyForDeploymentPostprocessing = 0;
		};
/* End PBXSourcesBuildPhase section */

/* Begin PBXVariantGroup section */
		BF5D4E8F1FDB1532002A53D5 /* Main.storyboard */ = {
			isa = PBXVariantGroup;
			children = (
				BF5D4E901FDB1532002A53D5 /* Base */,
			);
			name = Main.storyboard;
			sourceTree = "<group>";
		};
		BF5D4E941FDB1532002A53D5 /* LaunchScreen.storyboard */ = {
			isa = PBXVariantGroup;
			children = (
				BF5D4E951FDB1532002A53D5 /* Base */,
			);
			name = LaunchScreen.storyboard;
			sourceTree = "<group>";
		};
/* End PBXVariantGroup section */

/* Begin XCBuildConfiguration section */
		BF5D4E981FDB1532002A53D5 /* Debug */ = {
			isa = XCBuildConfiguration;
			buildSettings = {
				ALWAYS_SEARCH_USER_PATHS = NO;
				CLANG_ANALYZER_NONNULL = YES;
				CLANG_ANALYZER_NUMBER_OBJECT_CONVERSION = YES_AGGRESSIVE;
				CLANG_CXX_LANGUAGE_STANDARD = "gnu++14";
				CLANG_CXX_LIBRARY = "libc++";
				CLANG_ENABLE_MODULES = YES;
				CLANG_ENABLE_OBJC_ARC = YES;
				CLANG_WARN_BLOCK_CAPTURE_AUTORELEASING = YES;
				CLANG_WARN_BOOL_CONVERSION = YES;
				CLANG_WARN_COMMA = YES;
				CLANG_WARN_CONSTANT_CONVERSION = YES;
				CLANG_WARN_DIRECT_OBJC_ISA_USAGE = YES_ERROR;
				CLANG_WARN_DOCUMENTATION_COMMENTS = YES;
				CLANG_WARN_EMPTY_BODY = YES;
				CLANG_WARN_ENUM_CONVERSION = YES;
				CLANG_WARN_INFINITE_RECURSION = YES;
				CLANG_WARN_INT_CONVERSION = YES;
				CLANG_WARN_NON_LITERAL_NULL_CONVERSION = YES;
				CLANG_WARN_OBJC_LITERAL_CONVERSION = YES;
				CLANG_WARN_OBJC_ROOT_CLASS = YES_ERROR;
				CLANG_WARN_RANGE_LOOP_ANALYSIS = YES;
				CLANG_WARN_STRICT_PROTOTYPES = YES;
				CLANG_WARN_SUSPICIOUS_MOVE = YES;
				CLANG_WARN_UNGUARDED_AVAILABILITY = YES_AGGRESSIVE;
				CLANG_WARN_UNREACHABLE_CODE = YES;
				CLANG_WARN__DUPLICATE_METHOD_MATCH = YES;
				CODE_SIGN_IDENTITY = "iPhone Developer";
				COPY_PHASE_STRIP = NO;
				DEBUG_INFORMATION_FORMAT = dwarf;
				ENABLE_STRICT_OBJC_MSGSEND = YES;
				ENABLE_TESTABILITY = YES;
				GCC_C_LANGUAGE_STANDARD = gnu11;
				GCC_DYNAMIC_NO_PIC = NO;
				GCC_NO_COMMON_BLOCKS = YES;
				GCC_OPTIMIZATION_LEVEL = 0;
				GCC_PREPROCESSOR_DEFINITIONS = (
					"DEBUG=1",
					"$(inherited)",
				);
				GCC_WARN_64_TO_32_BIT_CONVERSION = YES;
				GCC_WARN_ABOUT_RETURN_TYPE = YES_ERROR;
				GCC_WARN_UNDECLARED_SELECTOR = YES;
				GCC_WARN_UNINITIALIZED_AUTOS = YES_AGGRESSIVE;
				GCC_WARN_UNUSED_FUNCTION = YES;
				GCC_WARN_UNUSED_VARIABLE = YES;
				IPHONEOS_DEPLOYMENT_TARGET = 11.0;
				MTL_ENABLE_DEBUG_INFO = YES;
				ONLY_ACTIVE_ARCH = YES;
				SDKROOT = iphoneos;
				SWIFT_ACTIVE_COMPILATION_CONDITIONS = DEBUG;
				SWIFT_OPTIMIZATION_LEVEL = "-Onone";
			};
			name = Debug;
		};
		BF5D4E991FDB1532002A53D5 /* Release */ = {
			isa = XCBuildConfiguration;
			buildSettings = {
				ALWAYS_SEARCH_USER_PATHS = NO;
				CLANG_ANALYZER_NONNULL = YES;
				CLANG_ANALYZER_NUMBER_OBJECT_CONVERSION = YES_AGGRESSIVE;
				CLANG_CXX_LANGUAGE_STANDARD = "gnu++14";
				CLANG_CXX_LIBRARY = "libc++";
				CLANG_ENABLE_MODULES = YES;
				CLANG_ENABLE_OBJC_ARC = YES;
				CLANG_WARN_BLOCK_CAPTURE_AUTORELEASING = YES;
				CLANG_WARN_BOOL_CONVERSION = YES;
				CLANG_WARN_COMMA = YES;
				CLANG_WARN_CONSTANT_CONVERSION = YES;
				CLANG_WARN_DIRECT_OBJC_ISA_USAGE = YES_ERROR;
				CLANG_WARN_DOCUMENTATION_COMMENTS = YES;
				CLANG_WARN_EMPTY_BODY = YES;
				CLANG_WARN_ENUM_CONVERSION = YES;
				CLANG_WARN_INFINITE_RECURSION = YES;
				CLANG_WARN_INT_CONVERSION = YES;
				CLANG_WARN_NON_LITERAL_NULL_CONVERSION = YES;
				CLANG_WARN_OBJC_LITERAL_CONVERSION = YES;
				CLANG_WARN_OBJC_ROOT_CLASS = YES_ERROR;
				CLANG_WARN_RANGE_LOOP_ANALYSIS = YES;
				CLANG_WARN_STRICT_PROTOTYPES = YES;
				CLANG_WARN_SUSPICIOUS_MOVE = YES;
				CLANG_WARN_UNGUARDED_AVAILABILITY = YES_AGGRESSIVE;
				CLANG_WARN_UNREACHABLE_CODE = YES;
				CLANG_WARN__DUPLICATE_METHOD_MATCH = YES;
				CODE_SIGN_IDENTITY = "iPhone Developer";
				COPY_PHASE_STRIP = NO;
				DEBUG_INFORMATION_FORMAT = "dwarf-with-dsym";
				ENABLE_NS_ASSERTIONS = NO;
				ENABLE_STRICT_OBJC_MSGSEND = YES;
				GCC_C_LANGUAGE_STANDARD = gnu11;
				GCC_NO_COMMON_BLOCKS = YES;
				GCC_WARN_64_TO_32_BIT_CONVERSION = YES;
				GCC_WARN_ABOUT_RETURN_TYPE = YES_ERROR;
				GCC_WARN_UNDECLARED_SELECTOR = YES;
				GCC_WARN_UNINITIALIZED_AUTOS = YES_AGGRESSIVE;
				GCC_WARN_UNUSED_FUNCTION = YES;
				GCC_WARN_UNUSED_VARIABLE = YES;
				IPHONEOS_DEPLOYMENT_TARGET = 11.0;
				MTL_ENABLE_DEBUG_INFO = NO;
				SDKROOT = iphoneos;
				SWIFT_OPTIMIZATION_LEVEL = "-Owholemodule";
				VALIDATE_PRODUCT = YES;
			};
			name = Release;
		};
		BF5D4E9B1FDB1532002A53D5 /* Debug */ = {
			isa = XCBuildConfiguration;
			baseConfigurationReference = AC15D811B89DA2E16DF65465 /* Pods-albator.debug.xcconfig */;
			buildSettings = {
				ASSETCATALOG_COMPILER_APPICON_NAME = AppIcon;
				CODE_SIGN_STYLE = Automatic;
				DEVELOPMENT_TEAM = 6KTYTHBVCR;
				INFOPLIST_FILE = albator/Info.plist;
				IPHONEOS_DEPLOYMENT_TARGET = 11.0;
				LD_RUNPATH_SEARCH_PATHS = "$(inherited) @executable_path/Frameworks";
				PRODUCT_BUNDLE_IDENTIFIER = com.aerobace.albator;
				PRODUCT_NAME = "$(TARGET_NAME)";
				SWIFT_VERSION = 4.0;
				TARGETED_DEVICE_FAMILY = "1,2";
			};
			name = Debug;
		};
		BF5D4E9C1FDB1532002A53D5 /* Release */ = {
			isa = XCBuildConfiguration;
			baseConfigurationReference = 8C6480CA90DEA8317891A7A6 /* Pods-albator.release.xcconfig */;
			buildSettings = {
				ASSETCATALOG_COMPILER_APPICON_NAME = AppIcon;
				CODE_SIGN_STYLE = Automatic;
				DEVELOPMENT_TEAM = 6KTYTHBVCR;
				INFOPLIST_FILE = albator/Info.plist;
				IPHONEOS_DEPLOYMENT_TARGET = 11.0;
				LD_RUNPATH_SEARCH_PATHS = "$(inherited) @executable_path/Frameworks";
				PRODUCT_BUNDLE_IDENTIFIER = com.aerobace.albator;
				PRODUCT_NAME = "$(TARGET_NAME)";
				SWIFT_VERSION = 4.0;
				TARGETED_DEVICE_FAMILY = "1,2";
			};
			name = Release;
		};
/* End XCBuildConfiguration section */

/* Begin XCConfigurationList section */
		BF5D4E831FDB1532002A53D5 /* Build configuration list for PBXProject "albator" */ = {
			isa = XCConfigurationList;
			buildConfigurations = (
				BF5D4E981FDB1532002A53D5 /* Debug */,
				BF5D4E991FDB1532002A53D5 /* Release */,
			);
			defaultConfigurationIsVisible = 0;
			defaultConfigurationName = Release;
		};
		BF5D4E9A1FDB1532002A53D5 /* Build configuration list for PBXNativeTarget "albator" */ = {
			isa = XCConfigurationList;
			buildConfigurations = (
				BF5D4E9B1FDB1532002A53D5 /* Debug */,
				BF5D4E9C1FDB1532002A53D5 /* Release */,
			);
			defaultConfigurationIsVisible = 0;
			defaultConfigurationName = Release;
		};
/* End XCConfigurationList section */
	};
	rootObject = BF5D4E801FDB1532002A53D5 /* Project object */;
}
